
Microsoft Visual Studio Solution File, Format Version 12.00
# Visual Studio 14
VisualStudioVersion = 14.0.24720.0
MinimumVisualStudioVersion = 10.0.40219.1
Project("{8BC9CEB8-8B4A-11D0-8D11-00A0C91BC942}") = "ggokernel", "ggokernel\ggokernel.vcxproj", "{85BCCE2E-EA7F-4510-AD17-C6B904A76F99}"
	ProjectSection(ProjectDependencies) = postProject
		{0C84A602-DD31-4AA3-834C-90D0B11ADDA6} = {0C84A602-DD31-4AA3-834C-90D0B11ADDA6}
	EndProjectSection
EndProject
Project("{8BC9CEB8-8B4A-11D0-8D11-00A0C91BC942}") = "ggononreg", "ggononreg\ggononreg.vcxproj", "{0C84A602-DD31-4AA3-834C-90D0B11ADDA6}"
EndProject
Project("{8BC9CEB8-8B4A-11D0-8D11-00A0C91BC942}") = "ggokernelnonreg", "ggokernel\ggokernelnonreg.vcxproj", "{45BCDA0B-27ED-4D46-848C-A03C9B839E78}"
	ProjectSection(ProjectDependencies) = postProject
		{0C84A602-DD31-4AA3-834C-90D0B11ADDA6} = {0C84A602-DD31-4AA3-834C-90D0B11ADDA6}
		{85BCCE2E-EA7F-4510-AD17-C6B904A76F99} = {85BCCE2E-EA7F-4510-AD17-C6B904A76F99}
	EndProjectSection
EndProject
Project("{8BC9CEB8-8B4A-11D0-8D11-00A0C91BC942}") = "ggo2d", "ggo2d\ggo2d.vcxproj", "{28E4FCBA-8918-406F-A8CC-ADE4FD341F4F}"
	ProjectSection(ProjectDependencies) = postProject
		{0C84A602-DD31-4AA3-834C-90D0B11ADDA6} = {0C84A602-DD31-4AA3-834C-90D0B11ADDA6}
		{45BCDA0B-27ED-4D46-848C-A03C9B839E78} = {45BCDA0B-27ED-4D46-848C-A03C9B839E78}
		{85BCCE2E-EA7F-4510-AD17-C6B904A76F99} = {85BCCE2E-EA7F-4510-AD17-C6B904A76F99}
	EndProjectSection
EndProject
Project("{8BC9CEB8-8B4A-11D0-8D11-00A0C91BC942}") = "ggo2dnonreg", "ggo2d\ggo2dnonreg.vcxproj", "{F611A343-8045-4B3C-961E-42231F9A4124}"
	ProjectSection(ProjectDependencies) = postProject
		{0C84A602-DD31-4AA3-834C-90D0B11ADDA6} = {0C84A602-DD31-4AA3-834C-90D0B11ADDA6}
		{45BCDA0B-27ED-4D46-848C-A03C9B839E78} = {45BCDA0B-27ED-4D46-848C-A03C9B839E78}
		{85BCCE2E-EA7F-4510-AD17-C6B904A76F99} = {85BCCE2E-EA7F-4510-AD17-C6B904A76F99}
		{28E4FCBA-8918-406F-A8CC-ADE4FD341F4F} = {28E4FCBA-8918-406F-A8CC-ADE4FD341F4F}
	EndProjectSection
EndProject
Project("{8BC9CEB8-8B4A-11D0-8D11-00A0C91BC942}") = "ggoraytracer", "ggoraytracer\ggoraytracer.vcxproj", "{1F1819A9-3C40-4A9F-A69D-B950AC01CBDD}"
	ProjectSection(ProjectDependencies) = postProject
		{0C84A602-DD31-4AA3-834C-90D0B11ADDA6} = {0C84A602-DD31-4AA3-834C-90D0B11ADDA6}
		{45BCDA0B-27ED-4D46-848C-A03C9B839E78} = {45BCDA0B-27ED-4D46-848C-A03C9B839E78}
		{85BCCE2E-EA7F-4510-AD17-C6B904A76F99} = {85BCCE2E-EA7F-4510-AD17-C6B904A76F99}
		{F611A343-8045-4B3C-961E-42231F9A4124} = {F611A343-8045-4B3C-961E-42231F9A4124}
		{28E4FCBA-8918-406F-A8CC-ADE4FD341F4F} = {28E4FCBA-8918-406F-A8CC-ADE4FD341F4F}
	EndProjectSection
EndProject
Project("{8BC9CEB8-8B4A-11D0-8D11-00A0C91BC942}") = "ggoraytracernonreg", "ggoraytracer\ggoraytracernonreg.vcxproj", "{F78D77E4-B028-41AD-A808-C2E0E062A68D}"
	ProjectSection(ProjectDependencies) = postProject
		{0C84A602-DD31-4AA3-834C-90D0B11ADDA6} = {0C84A602-DD31-4AA3-834C-90D0B11ADDA6}
		{45BCDA0B-27ED-4D46-848C-A03C9B839E78} = {45BCDA0B-27ED-4D46-848C-A03C9B839E78}
		{85BCCE2E-EA7F-4510-AD17-C6B904A76F99} = {85BCCE2E-EA7F-4510-AD17-C6B904A76F99}
		{F611A343-8045-4B3C-961E-42231F9A4124} = {F611A343-8045-4B3C-961E-42231F9A4124}
		{1F1819A9-3C40-4A9F-A69D-B950AC01CBDD} = {1F1819A9-3C40-4A9F-A69D-B950AC01CBDD}
		{28E4FCBA-8918-406F-A8CC-ADE4FD341F4F} = {28E4FCBA-8918-406F-A8CC-ADE4FD341F4F}
	EndProjectSection
EndProject
Project("{8BC9CEB8-8B4A-11D0-8D11-00A0C91BC942}") = "ggocomputart", "ggocomputart\ggocomputart.vcxproj", "{1506F8B5-FAD3-4412-ACDC-1B220D5A2B1D}"
	ProjectSection(ProjectDependencies) = postProject
		{0C84A602-DD31-4AA3-834C-90D0B11ADDA6} = {0C84A602-DD31-4AA3-834C-90D0B11ADDA6}
		{45BCDA0B-27ED-4D46-848C-A03C9B839E78} = {45BCDA0B-27ED-4D46-848C-A03C9B839E78}
		{85BCCE2E-EA7F-4510-AD17-C6B904A76F99} = {85BCCE2E-EA7F-4510-AD17-C6B904A76F99}
		{F611A343-8045-4B3C-961E-42231F9A4124} = {F611A343-8045-4B3C-961E-42231F9A4124}
		{1F1819A9-3C40-4A9F-A69D-B950AC01CBDD} = {1F1819A9-3C40-4A9F-A69D-B950AC01CBDD}
		{28E4FCBA-8918-406F-A8CC-ADE4FD341F4F} = {28E4FCBA-8918-406F-A8CC-ADE4FD341F4F}
		{F78D77E4-B028-41AD-A808-C2E0E062A68D} = {F78D77E4-B028-41AD-A808-C2E0E062A68D}
	EndProjectSection
EndProject
Project("{8BC9CEB8-8B4A-11D0-8D11-00A0C91BC942}") = "ggocomputartbitmap", "ggocomputart\ggocomputartbitmap.vcxproj", "{B6C277EB-685E-4940-9322-ED09B2CCC466}"
	ProjectSection(ProjectDependencies) = postProject
		{0C84A602-DD31-4AA3-834C-90D0B11ADDA6} = {0C84A602-DD31-4AA3-834C-90D0B11ADDA6}
		{45BCDA0B-27ED-4D46-848C-A03C9B839E78} = {45BCDA0B-27ED-4D46-848C-A03C9B839E78}
		{85BCCE2E-EA7F-4510-AD17-C6B904A76F99} = {85BCCE2E-EA7F-4510-AD17-C6B904A76F99}
		{F611A343-8045-4B3C-961E-42231F9A4124} = {F611A343-8045-4B3C-961E-42231F9A4124}
		{1F1819A9-3C40-4A9F-A69D-B950AC01CBDD} = {1F1819A9-3C40-4A9F-A69D-B950AC01CBDD}
		{1506F8B5-FAD3-4412-ACDC-1B220D5A2B1D} = {1506F8B5-FAD3-4412-ACDC-1B220D5A2B1D}
		{28E4FCBA-8918-406F-A8CC-ADE4FD341F4F} = {28E4FCBA-8918-406F-A8CC-ADE4FD341F4F}
		{F78D77E4-B028-41AD-A808-C2E0E062A68D} = {F78D77E4-B028-41AD-A808-C2E0E062A68D}
	EndProjectSection
EndProject
Project("{8BC9CEB8-8B4A-11D0-8D11-00A0C91BC942}") = "ggocomputartanim", "ggocomputart\ggocomputartanim.vcxproj", "{07743CD5-4AC1-4A1C-BAE9-29ADBB8699F0}"
	ProjectSection(ProjectDependencies) = postProject
		{0C84A602-DD31-4AA3-834C-90D0B11ADDA6} = {0C84A602-DD31-4AA3-834C-90D0B11ADDA6}
		{45BCDA0B-27ED-4D46-848C-A03C9B839E78} = {45BCDA0B-27ED-4D46-848C-A03C9B839E78}
		{85BCCE2E-EA7F-4510-AD17-C6B904A76F99} = {85BCCE2E-EA7F-4510-AD17-C6B904A76F99}
		{F611A343-8045-4B3C-961E-42231F9A4124} = {F611A343-8045-4B3C-961E-42231F9A4124}
		{1F1819A9-3C40-4A9F-A69D-B950AC01CBDD} = {1F1819A9-3C40-4A9F-A69D-B950AC01CBDD}
		{1506F8B5-FAD3-4412-ACDC-1B220D5A2B1D} = {1506F8B5-FAD3-4412-ACDC-1B220D5A2B1D}
		{28E4FCBA-8918-406F-A8CC-ADE4FD341F4F} = {28E4FCBA-8918-406F-A8CC-ADE4FD341F4F}
		{F78D77E4-B028-41AD-A808-C2E0E062A68D} = {F78D77E4-B028-41AD-A808-C2E0E062A68D}
	EndProjectSection
EndProject
Project("{8BC9CEB8-8B4A-11D0-8D11-00A0C91BC942}") = "ggopengl", "ggowin\ggopengl\ggopengl.vcxproj", "{B3B23D5F-F698-48D5-8111-237855E35D02}"
	ProjectSection(ProjectDependencies) = postProject
		{0C84A602-DD31-4AA3-834C-90D0B11ADDA6} = {0C84A602-DD31-4AA3-834C-90D0B11ADDA6}
		{45BCDA0B-27ED-4D46-848C-A03C9B839E78} = {45BCDA0B-27ED-4D46-848C-A03C9B839E78}
		{85BCCE2E-EA7F-4510-AD17-C6B904A76F99} = {85BCCE2E-EA7F-4510-AD17-C6B904A76F99}
		{F611A343-8045-4B3C-961E-42231F9A4124} = {F611A343-8045-4B3C-961E-42231F9A4124}
		{1F1819A9-3C40-4A9F-A69D-B950AC01CBDD} = {1F1819A9-3C40-4A9F-A69D-B950AC01CBDD}
		{28E4FCBA-8918-406F-A8CC-ADE4FD341F4F} = {28E4FCBA-8918-406F-A8CC-ADE4FD341F4F}
		{F78D77E4-B028-41AD-A808-C2E0E062A68D} = {F78D77E4-B028-41AD-A808-C2E0E062A68D}
	EndProjectSection
EndProject
Project("{2150E333-8FDC-42A3-9474-1A3956D46DE8}") = "Solution Items", "Solution Items", "{0A464122-870F-4B01-8AFB-FD9CA8D5EA32}"
EndProject
Project("{8BC9CEB8-8B4A-11D0-8D11-00A0C91BC942}") = "ggophysics", "ggophysics\ggophysics.vcxproj", "{DDD31BF3-0458-4ADF-8E69-E655A59332C6}"
	ProjectSection(ProjectDependencies) = postProject
		{0C84A602-DD31-4AA3-834C-90D0B11ADDA6} = {0C84A602-DD31-4AA3-834C-90D0B11ADDA6}
		{45BCDA0B-27ED-4D46-848C-A03C9B839E78} = {45BCDA0B-27ED-4D46-848C-A03C9B839E78}
		{85BCCE2E-EA7F-4510-AD17-C6B904A76F99} = {85BCCE2E-EA7F-4510-AD17-C6B904A76F99}
	EndProjectSection
EndProject
Project("{8BC9CEB8-8B4A-11D0-8D11-00A0C91BC942}") = "ggophysicsnonreg", "ggophysics\ggophysicsnonreg.vcxproj", "{809714AE-B50B-40F5-A3A5-B03B46AB5A10}"
	ProjectSection(ProjectDependencies) = postProject
		{45BCDA0B-27ED-4D46-848C-A03C9B839E78} = {45BCDA0B-27ED-4D46-848C-A03C9B839E78}
		{85BCCE2E-EA7F-4510-AD17-C6B904A76F99} = {85BCCE2E-EA7F-4510-AD17-C6B904A76F99}
		{DDD31BF3-0458-4ADF-8E69-E655A59332C6} = {DDD31BF3-0458-4ADF-8E69-E655A59332C6}
	EndProjectSection
EndProject
Global
	GlobalSection(Performance) = preSolution
		HasPerformanceSessions = true
	EndGlobalSection
	GlobalSection(SolutionConfigurationPlatforms) = preSolution
		Debug|x64 = Debug|x64
		Debug|x86 = Debug|x86
		Release|x64 = Release|x64
		Release|x86 = Release|x86
	EndGlobalSection
	GlobalSection(ProjectConfigurationPlatforms) = postSolution
		{85BCCE2E-EA7F-4510-AD17-C6B904A76F99}.Debug|x64.ActiveCfg = Debug|x64
		{85BCCE2E-EA7F-4510-AD17-C6B904A76F99}.Debug|x64.Build.0 = Debug|x64
		{85BCCE2E-EA7F-4510-AD17-C6B904A76F99}.Debug|x86.ActiveCfg = Debug|Win32
		{85BCCE2E-EA7F-4510-AD17-C6B904A76F99}.Debug|x86.Build.0 = Debug|Win32
		{85BCCE2E-EA7F-4510-AD17-C6B904A76F99}.Release|x64.ActiveCfg = Release|x64
		{85BCCE2E-EA7F-4510-AD17-C6B904A76F99}.Release|x64.Build.0 = Release|x64
		{85BCCE2E-EA7F-4510-AD17-C6B904A76F99}.Release|x86.ActiveCfg = Release|Win32
		{85BCCE2E-EA7F-4510-AD17-C6B904A76F99}.Release|x86.Build.0 = Release|Win32
		{0C84A602-DD31-4AA3-834C-90D0B11ADDA6}.Debug|x64.ActiveCfg = Debug|x64
		{0C84A602-DD31-4AA3-834C-90D0B11ADDA6}.Debug|x64.Build.0 = Debug|x64
		{0C84A602-DD31-4AA3-834C-90D0B11ADDA6}.Debug|x86.ActiveCfg = Debug|Win32
		{0C84A602-DD31-4AA3-834C-90D0B11ADDA6}.Debug|x86.Build.0 = Debug|Win32
		{0C84A602-DD31-4AA3-834C-90D0B11ADDA6}.Release|x64.ActiveCfg = Release|x64
		{0C84A602-DD31-4AA3-834C-90D0B11ADDA6}.Release|x64.Build.0 = Release|x64
		{0C84A602-DD31-4AA3-834C-90D0B11ADDA6}.Release|x86.ActiveCfg = Release|Win32
		{0C84A602-DD31-4AA3-834C-90D0B11ADDA6}.Release|x86.Build.0 = Release|Win32
		{45BCDA0B-27ED-4D46-848C-A03C9B839E78}.Debug|x64.ActiveCfg = Debug|x64
		{45BCDA0B-27ED-4D46-848C-A03C9B839E78}.Debug|x64.Build.0 = Debug|x64
		{45BCDA0B-27ED-4D46-848C-A03C9B839E78}.Debug|x86.ActiveCfg = Debug|Win32
		{45BCDA0B-27ED-4D46-848C-A03C9B839E78}.Debug|x86.Build.0 = Debug|Win32
		{45BCDA0B-27ED-4D46-848C-A03C9B839E78}.Release|x64.ActiveCfg = Release|x64
		{45BCDA0B-27ED-4D46-848C-A03C9B839E78}.Release|x64.Build.0 = Release|x64
		{45BCDA0B-27ED-4D46-848C-A03C9B839E78}.Release|x86.ActiveCfg = Release|Win32
		{45BCDA0B-27ED-4D46-848C-A03C9B839E78}.Release|x86.Build.0 = Release|Win32
		{28E4FCBA-8918-406F-A8CC-ADE4FD341F4F}.Debug|x64.ActiveCfg = Debug|x64
		{28E4FCBA-8918-406F-A8CC-ADE4FD341F4F}.Debug|x64.Build.0 = Debug|x64
		{28E4FCBA-8918-406F-A8CC-ADE4FD341F4F}.Debug|x86.ActiveCfg = Debug|Win32
		{28E4FCBA-8918-406F-A8CC-ADE4FD341F4F}.Debug|x86.Build.0 = Debug|Win32
		{28E4FCBA-8918-406F-A8CC-ADE4FD341F4F}.Release|x64.ActiveCfg = Release|x64
		{28E4FCBA-8918-406F-A8CC-ADE4FD341F4F}.Release|x64.Build.0 = Release|x64
		{28E4FCBA-8918-406F-A8CC-ADE4FD341F4F}.Release|x86.ActiveCfg = Release|Win32
		{28E4FCBA-8918-406F-A8CC-ADE4FD341F4F}.Release|x86.Build.0 = Release|Win32
		{F611A343-8045-4B3C-961E-42231F9A4124}.Debug|x64.ActiveCfg = Debug|x64
		{F611A343-8045-4B3C-961E-42231F9A4124}.Debug|x64.Build.0 = Debug|x64
		{F611A343-8045-4B3C-961E-42231F9A4124}.Debug|x86.ActiveCfg = Debug|Win32
		{F611A343-8045-4B3C-961E-42231F9A4124}.Debug|x86.Build.0 = Debug|Win32
		{F611A343-8045-4B3C-961E-42231F9A4124}.Release|x64.ActiveCfg = Release|x64
		{F611A343-8045-4B3C-961E-42231F9A4124}.Release|x64.Build.0 = Release|x64
		{F611A343-8045-4B3C-961E-42231F9A4124}.Release|x86.ActiveCfg = Release|Win32
		{F611A343-8045-4B3C-961E-42231F9A4124}.Release|x86.Build.0 = Release|Win32
		{1F1819A9-3C40-4A9F-A69D-B950AC01CBDD}.Debug|x64.ActiveCfg = Debug|x64
		{1F1819A9-3C40-4A9F-A69D-B950AC01CBDD}.Debug|x64.Build.0 = Debug|x64
		{1F1819A9-3C40-4A9F-A69D-B950AC01CBDD}.Debug|x86.ActiveCfg = Debug|Win32
		{1F1819A9-3C40-4A9F-A69D-B950AC01CBDD}.Debug|x86.Build.0 = Debug|Win32
		{1F1819A9-3C40-4A9F-A69D-B950AC01CBDD}.Release|x64.ActiveCfg = Release|x64
		{1F1819A9-3C40-4A9F-A69D-B950AC01CBDD}.Release|x64.Build.0 = Release|x64
		{1F1819A9-3C40-4A9F-A69D-B950AC01CBDD}.Release|x86.ActiveCfg = Release|Win32
		{1F1819A9-3C40-4A9F-A69D-B950AC01CBDD}.Release|x86.Build.0 = Release|Win32
		{F78D77E4-B028-41AD-A808-C2E0E062A68D}.Debug|x64.ActiveCfg = Debug|x64
		{F78D77E4-B028-41AD-A808-C2E0E062A68D}.Debug|x64.Build.0 = Debug|x64
		{F78D77E4-B028-41AD-A808-C2E0E062A68D}.Debug|x86.ActiveCfg = Debug|Win32
		{F78D77E4-B028-41AD-A808-C2E0E062A68D}.Debug|x86.Build.0 = Debug|Win32
		{F78D77E4-B028-41AD-A808-C2E0E062A68D}.Release|x64.ActiveCfg = Release|x64
		{F78D77E4-B028-41AD-A808-C2E0E062A68D}.Release|x64.Build.0 = Release|x64
		{F78D77E4-B028-41AD-A808-C2E0E062A68D}.Release|x86.ActiveCfg = Release|Win32
		{F78D77E4-B028-41AD-A808-C2E0E062A68D}.Release|x86.Build.0 = Release|Win32
		{1506F8B5-FAD3-4412-ACDC-1B220D5A2B1D}.Debug|x64.ActiveCfg = Debug|x64
		{1506F8B5-FAD3-4412-ACDC-1B220D5A2B1D}.Debug|x64.Build.0 = Debug|x64
		{1506F8B5-FAD3-4412-ACDC-1B220D5A2B1D}.Debug|x86.ActiveCfg = Debug|Win32
		{1506F8B5-FAD3-4412-ACDC-1B220D5A2B1D}.Debug|x86.Build.0 = Debug|Win32
		{1506F8B5-FAD3-4412-ACDC-1B220D5A2B1D}.Release|x64.ActiveCfg = Release|x64
		{1506F8B5-FAD3-4412-ACDC-1B220D5A2B1D}.Release|x64.Build.0 = Release|x64
		{1506F8B5-FAD3-4412-ACDC-1B220D5A2B1D}.Release|x86.ActiveCfg = Release|Win32
		{1506F8B5-FAD3-4412-ACDC-1B220D5A2B1D}.Release|x86.Build.0 = Release|Win32
		{B6C277EB-685E-4940-9322-ED09B2CCC466}.Debug|x64.ActiveCfg = Debug|x64
		{B6C277EB-685E-4940-9322-ED09B2CCC466}.Debug|x64.Build.0 = Debug|x64
		{B6C277EB-685E-4940-9322-ED09B2CCC466}.Debug|x86.ActiveCfg = Debug|Win32
		{B6C277EB-685E-4940-9322-ED09B2CCC466}.Debug|x86.Build.0 = Debug|Win32
		{B6C277EB-685E-4940-9322-ED09B2CCC466}.Release|x64.ActiveCfg = Release|x64
		{B6C277EB-685E-4940-9322-ED09B2CCC466}.Release|x64.Build.0 = Release|x64
		{B6C277EB-685E-4940-9322-ED09B2CCC466}.Release|x86.ActiveCfg = Release|Win32
		{B6C277EB-685E-4940-9322-ED09B2CCC466}.Release|x86.Build.0 = Release|Win32
		{07743CD5-4AC1-4A1C-BAE9-29ADBB8699F0}.Debug|x64.ActiveCfg = Debug|x64
		{07743CD5-4AC1-4A1C-BAE9-29ADBB8699F0}.Debug|x64.Build.0 = Debug|x64
		{07743CD5-4AC1-4A1C-BAE9-29ADBB8699F0}.Debug|x86.ActiveCfg = Debug|Win32
		{07743CD5-4AC1-4A1C-BAE9-29ADBB8699F0}.Debug|x86.Build.0 = Debug|Win32
		{07743CD5-4AC1-4A1C-BAE9-29ADBB8699F0}.Release|x64.ActiveCfg = Release|x64
		{07743CD5-4AC1-4A1C-BAE9-29ADBB8699F0}.Release|x64.Build.0 = Release|x64
		{07743CD5-4AC1-4A1C-BAE9-29ADBB8699F0}.Release|x86.ActiveCfg = Release|Win32
		{07743CD5-4AC1-4A1C-BAE9-29ADBB8699F0}.Release|x86.Build.0 = Release|Win32
		{B3B23D5F-F698-48D5-8111-237855E35D02}.Debug|x64.ActiveCfg = Debug|x64
		{B3B23D5F-F698-48D5-8111-237855E35D02}.Debug|x64.Build.0 = Debug|x64
		{B3B23D5F-F698-48D5-8111-237855E35D02}.Debug|x86.ActiveCfg = Debug|Win32
		{B3B23D5F-F698-48D5-8111-237855E35D02}.Debug|x86.Build.0 = Debug|Win32
		{B3B23D5F-F698-48D5-8111-237855E35D02}.Release|x64.ActiveCfg = Release|Win32
		{B3B23D5F-F698-48D5-8111-237855E35D02}.Release|x86.ActiveCfg = Release|Win32
		{B3B23D5F-F698-48D5-8111-237855E35D02}.Release|x86.Build.0 = Release|Win32
		{DDD31BF3-0458-4ADF-8E69-E655A59332C6}.Debug|x64.ActiveCfg = Debug|x64
		{DDD31BF3-0458-4ADF-8E69-E655A59332C6}.Debug|x64.Build.0 = Debug|x64
		{DDD31BF3-0458-4ADF-8E69-E655A59332C6}.Debug|x86.ActiveCfg = Debug|Win32
		{DDD31BF3-0458-4ADF-8E69-E655A59332C6}.Debug|x86.Build.0 = Debug|Win32
		{DDD31BF3-0458-4ADF-8E69-E655A59332C6}.Release|x64.ActiveCfg = Release|x64
		{DDD31BF3-0458-4ADF-8E69-E655A59332C6}.Release|x64.Build.0 = Release|x64
		{DDD31BF3-0458-4ADF-8E69-E655A59332C6}.Release|x86.ActiveCfg = Release|Win32
		{DDD31BF3-0458-4ADF-8E69-E655A59332C6}.Release|x86.Build.0 = Release|Win32
		{809714AE-B50B-40F5-A3A5-B03B46AB5A10}.Debug|x64.ActiveCfg = Debug|x64
		{809714AE-B50B-40F5-A3A5-B03B46AB5A10}.Debug|x64.Build.0 = Debug|x64
		{809714AE-B50B-40F5-A3A5-B03B46AB5A10}.Debug|x86.ActiveCfg = Debug|Win32
		{809714AE-B50B-40F5-A3A5-B03B46AB5A10}.Debug|x86.Build.0 = Debug|Win32
		{809714AE-B50B-40F5-A3A5-B03B46AB5A10}.Release|x64.ActiveCfg = Release|x64
		{809714AE-B50B-40F5-A3A5-B03B46AB5A10}.Release|x64.Build.0 = Release|x64
		{809714AE-B50B-40F5-A3A5-B03B46AB5A10}.Release|x86.ActiveCfg = Release|Win32
		{809714AE-B50B-40F5-A3A5-B03B46AB5A10}.Release|x86.Build.0 = Release|Win32
	EndGlobalSection
	GlobalSection(SolutionProperties) = preSolution
		HideSolutionNode = FALSE
	EndGlobalSection
EndGlobal
