<?xml version="1.0" encoding="utf-8"?>
<Project ToolsVersion="4.0" xmlns="http://schemas.microsoft.com/developer/msbuild/2003">
  <ItemGroup>
    <Filter Include="io">
      <UniqueIdentifier>{e9775c00-0c97-45e7-9916-9f6dc1b82635}</UniqueIdentifier>
    </Filter>
    <Filter Include="paint">
      <UniqueIdentifier>{e9dcf075-766d-4cf5-9411-d8f8d457b249}</UniqueIdentifier>
    </Filter>
    <Filter Include="blur">
      <UniqueIdentifier>{1bb4cc4b-37a8-4fba-be97-fb4e32c2a183}</UniqueIdentifier>
    </Filter>
    <Filter Include="fill">
      <UniqueIdentifier>{a72e2f86-8c3e-432d-9140-569970dd4ef3}</UniqueIdentifier>
    </Filter>
    <Filter Include="rle_image">
      <UniqueIdentifier>{1dcca2f9-3116-4236-83ac-aed35219eb05}</UniqueIdentifier>
    </Filter>
    <Filter Include="canvas">
      <UniqueIdentifier>{8cd758cf-26fc-404a-8ce0-62206ee364e6}</UniqueIdentifier>
    </Filter>
  </ItemGroup>
  <ItemGroup>
    <ClInclude Include="src\io\ggo_bmp.h">
      <Filter>io</Filter>
    </ClInclude>
    <ClInclude Include="src\paint\ggo_seed_paint.h">
      <Filter>paint</Filter>
    </ClInclude>
    <ClInclude Include="src\paint\ggo_hard_paint.h">
      <Filter>paint</Filter>
    </ClInclude>
    <ClInclude Include="src\ggo_color.h" />
    <ClInclude Include="src\ggo_blit.h" />
    <ClInclude Include="src\paint\ggo_multi_scale_paint.h">
      <Filter>paint</Filter>
    </ClInclude>
    <ClInclude Include="src\paint\ggo_buffer_paint.h">
      <Filter>paint</Filter>
    </ClInclude>
    <ClInclude Include="src\ggo_pixel_buffer.h" />
    <ClInclude Include="src\blur\ggo_gaussian_blur2d.h">
      <Filter>blur</Filter>
    </ClInclude>
    <ClInclude Include="src\paint\ggo_multi_shape_paint.h">
      <Filter>paint</Filter>
    </ClInclude>
    <ClInclude Include="src\paint\ggo_gradient_brush.h">
      <Filter>paint</Filter>
    </ClInclude>
    <ClInclude Include="src\paint\ggo_color_triangle.h">
      <Filter>paint</Filter>
    </ClInclude>
    <ClInclude Include="src\blur\ggo_mean_box_blur2d.h">
      <Filter>blur</Filter>
    </ClInclude>
    <ClInclude Include="src\fill\ggo_fill.h">
      <Filter>fill</Filter>
    </ClInclude>
    <ClInclude Include="src\fill\ggo_buffer_fill.h">
      <Filter>fill</Filter>
    </ClInclude>
    <ClInclude Include="src\paint\ggo_brush.h">
      <Filter>paint</Filter>
    </ClInclude>
    <ClInclude Include="src\paint\ggo_blur_paint.h">
      <Filter>paint</Filter>
    </ClInclude>
    <ClInclude Include="src\rle_image\ggo_rle_image.h">
      <Filter>rle_image</Filter>
    </ClInclude>
    <ClInclude Include="src\paint\ggo_blend.h">
      <Filter>paint</Filter>
    </ClInclude>
    <ClInclude Include="src\canvas\ggo_canvas.h">
      <Filter>canvas</Filter>
    </ClInclude>
    <ClInclude Include="src\ggo_pixel_buffer_format.h" />
  </ItemGroup>
  <ItemGroup>
    <ClCompile Include="src\io\ggo_bmp.cpp">
      <Filter>io</Filter>
    </ClCompile>
    <ClCompile Include="src\paint\ggo_sampling_paint.h">
      <Filter>paint</Filter>
    </ClCompile>
    <ClCompile Include="src\canvas\ggo_canvas.cpp">
      <Filter>canvas</Filter>
    </ClCompile>
    <ClCompile Include="src\ggo_pixel_buffer.cpp" />
  </ItemGroup>
</Project>