<?xml version="1.0" encoding="utf-8"?>
<Project ToolsVersion="4.0" xmlns="http://schemas.microsoft.com/developer/msbuild/2003">
  <ItemGroup>
    <Filter Include="interpolation">
      <UniqueIdentifier>{2ee0da41-c37f-4396-bfdf-80eefbf71027}</UniqueIdentifier>
    </Filter>
    <Filter Include="linear_algebra">
      <UniqueIdentifier>{b6c8ebd2-d7c5-48d4-9b2b-4ca597d93b79}</UniqueIdentifier>
    </Filter>
    <Filter Include="sampling">
      <UniqueIdentifier>{c113e208-af58-4b18-a1c8-b4e0d52cde28}</UniqueIdentifier>
    </Filter>
    <Filter Include="signal_proc">
      <UniqueIdentifier>{434b1d57-32fa-4cd1-b00a-e3c5aace5795}</UniqueIdentifier>
    </Filter>
    <Filter Include="trees">
      <UniqueIdentifier>{3e96d46e-e6c4-4da1-ba4e-ac66dd4cd53c}</UniqueIdentifier>
    </Filter>
    <Filter Include="rle">
      <UniqueIdentifier>{373210a1-ba9f-41c0-819f-49cb421787ff}</UniqueIdentifier>
    </Filter>
    <Filter Include="template">
      <UniqueIdentifier>{66829f86-0c85-4f65-9d28-098a4148959c}</UniqueIdentifier>
    </Filter>
    <Filter Include="memory">
      <UniqueIdentifier>{2f6e7f6d-4ce5-418d-a41a-0b29a6a8714e}</UniqueIdentifier>
    </Filter>
    <Filter Include="shapes3d">
      <UniqueIdentifier>{1266490f-a6e9-49ad-8204-f544d7a6b55d}</UniqueIdentifier>
    </Filter>
    <Filter Include="shapes2d">
      <UniqueIdentifier>{7674f96b-c12a-4f1d-b309-413cb552ac39}</UniqueIdentifier>
    </Filter>
  </ItemGroup>
  <ItemGroup>
    <ClCompile Include="test\interpolation\ggo_interpolation3d_nonreg.cpp">
      <Filter>interpolation</Filter>
    </ClCompile>
    <ClCompile Include="test\interpolation\ggo_interpolation2d_nonreg.cpp">
      <Filter>interpolation</Filter>
    </ClCompile>
    <ClCompile Include="test\sampling\ggo_sampling_nonreg.cpp">
      <Filter>sampling</Filter>
    </ClCompile>
    <ClCompile Include="test\signal_proc\ggo_dct_nonreg.cpp">
      <Filter>signal_proc</Filter>
    </ClCompile>
    <ClCompile Include="test\signal_proc\ggo_dwt_nonreg.cpp">
      <Filter>signal_proc</Filter>
    </ClCompile>
    <ClCompile Include="test\linear_algebra\ggo_linear_algebra2d_nonreg.cpp">
      <Filter>linear_algebra</Filter>
    </ClCompile>
    <ClCompile Include="test\linear_algebra\ggo_linear_algebra3d_nonreg.cpp">
      <Filter>linear_algebra</Filter>
    </ClCompile>
    <ClCompile Include="test\linear_algebra\ggo_matrix_nonreg.cpp">
      <Filter>linear_algebra</Filter>
    </ClCompile>
    <ClCompile Include="test\linear_algebra\ggo_sparse_matrix_nonreg.cpp">
      <Filter>linear_algebra</Filter>
    </ClCompile>
    <ClCompile Include="test\ggo_base_nonreg.cpp" />
    <ClCompile Include="test\ggo_best_match_nonreg.cpp" />
    <ClCompile Include="test\ggo_harmonics_nonreg.cpp" />
    <ClCompile Include="test\ggo_kernel_nonreg.cpp" />
    <ClCompile Include="test\ggo_quadratic_nonreg.cpp" />
    <ClCompile Include="test\ggo_scalar_field2d_nonreg.cpp" />
    <ClCompile Include="test\ggo_link_nonreg.cpp" />
    <ClCompile Include="test\signal_proc\ggo_gaussian_blur_nonreg.cpp">
      <Filter>signal_proc</Filter>
    </ClCompile>
    <ClCompile Include="test\signal_proc\ggo_convolution_nonreg.cpp">
      <Filter>signal_proc</Filter>
    </ClCompile>
    <ClCompile Include="test\trees\ggo_kdtree_nonreg.cpp">
      <Filter>trees</Filter>
    </ClCompile>
    <ClCompile Include="test\rle\ggo_rle_nonreg.cpp">
      <Filter>rle</Filter>
    </ClCompile>
    <ClCompile Include="test\signal_proc\ggo_downscaling_nonreg.cpp">
      <Filter>signal_proc</Filter>
    </ClCompile>
    <ClCompile Include="test\ggo_vec_nonreg.cpp" />
    <ClCompile Include="test\template\ggo_template_pointer_nonreg.cpp">
      <Filter>template</Filter>
    </ClCompile>
    <ClCompile Include="test\template\ggo_template_variadic_nonreg.cpp">
      <Filter>template</Filter>
    </ClCompile>
    <ClCompile Include="test\linear_algebra\ggo_array_arithmetics_nonreg.cpp">
      <Filter>linear_algebra</Filter>
    </ClCompile>
    <ClCompile Include="test\linear_algebra\ggo_linear_system_nonreg.cpp">
      <Filter>linear_algebra</Filter>
    </ClCompile>
    <ClCompile Include="test\signal_proc\ggo_mean_box_filter_nonreg.cpp">
      <Filter>signal_proc</Filter>
    </ClCompile>
    <ClCompile Include="test\ggo_value_nonreg.cpp" />
    <ClCompile Include="test\ggo_rect_int_nonreg.cpp" />
    <ClCompile Include="test\memory\ggo_array_nonreg.cpp">
      <Filter>memory</Filter>
    </ClCompile>
    <ClCompile Include="test\memory\ggo_buffer_iterator_nonreg.cpp">
      <Filter>memory</Filter>
    </ClCompile>
    <ClCompile Include="test\memory\ggo_circular_buffer_nonreg.cpp">
      <Filter>memory</Filter>
    </ClCompile>
    <ClCompile Include="test\ggo_memory_layouts_nonreg.cpp">
      <Filter>memory</Filter>
    </ClCompile>
    <ClCompile Include="test\ggo_coordinates_conversion_nonreg.cpp" />
    <ClCompile Include="test\shapes3d\ggo_basis3d_nonreg.cpp">
      <Filter>shapes3d</Filter>
    </ClCompile>
    <ClCompile Include="test\shapes3d\ggo_centered_sphere3d_nonreg.cpp">
      <Filter>shapes3d</Filter>
    </ClCompile>
    <ClCompile Include="test\shapes3d\ggo_cylinder3d_nonreg.cpp">
      <Filter>shapes3d</Filter>
    </ClCompile>
    <ClCompile Include="test\shapes3d\ggo_disc3d_nonreg.cpp">
      <Filter>shapes3d</Filter>
    </ClCompile>
    <ClCompile Include="test\shapes3d\ggo_line3d_nonreg.cpp">
      <Filter>shapes3d</Filter>
    </ClCompile>
    <ClCompile Include="test\shapes3d\ggo_metaball_nonreg.cpp">
      <Filter>shapes3d</Filter>
    </ClCompile>
    <ClCompile Include="test\shapes3d\ggo_parallelogram3d_nonreg.cpp">
      <Filter>shapes3d</Filter>
    </ClCompile>
    <ClCompile Include="test\shapes3d\ggo_plane3d_nonreg.cpp">
      <Filter>shapes3d</Filter>
    </ClCompile>
    <ClCompile Include="test\shapes3d\ggo_polygon3d_nonreg.cpp">
      <Filter>shapes3d</Filter>
    </ClCompile>
    <ClCompile Include="test\shapes3d\ggo_sphere3d_nonreg.cpp">
      <Filter>shapes3d</Filter>
    </ClCompile>
    <ClCompile Include="test\shapes3d\ggo_triangle3d_nonreg.cpp">
      <Filter>shapes3d</Filter>
    </ClCompile>
    <ClCompile Include="test\shapes3d\ggo_rectangle3d_nonreg.cpp">
      <Filter>shapes3d</Filter>
    </ClCompile>
    <ClCompile Include="test\shapes2d\ggo_basis2d_nonreg.cpp">
      <Filter>shapes2d</Filter>
    </ClCompile>
    <ClCompile Include="test\shapes2d\ggo_segment2d_nonreg.cpp">
      <Filter>shapes2d</Filter>
    </ClCompile>
    <ClCompile Include="test\shapes2d\ggo_polygon2d_nonreg.cpp">
      <Filter>shapes2d</Filter>
    </ClCompile>
    <ClCompile Include="test\shapes2d\ggo_triangle2d_nonreg.cpp">
      <Filter>shapes2d</Filter>
    </ClCompile>
    <ClCompile Include="test\shapes2d\ggo_circle2d_nonreg.cpp">
      <Filter>shapes2d</Filter>
    </ClCompile>
    <ClCompile Include="test\shapes2d\ggo_disc2d_nonreg.cpp">
      <Filter>shapes2d</Filter>
    </ClCompile>
    <ClCompile Include="test\shapes2d\ggo_rect_data_nonreg.cpp">
      <Filter>shapes2d</Filter>
    </ClCompile>
    <ClCompile Include="test\shapes2d\ggo_rectangle2d_nonreg.cpp">
      <Filter>shapes2d</Filter>
    </ClCompile>
    <ClCompile Include="test\shapes2d\ggo_extended_segment2d_nonreg.cpp">
      <Filter>shapes2d</Filter>
    </ClCompile>
    <ClCompile Include="test\shapes2d\ggo_multi_shape2d_nonreg.cpp">
      <Filter>shapes2d</Filter>
    </ClCompile>
    <ClCompile Include="test\shapes2d\ggo_half_plane2d_nonreg.cpp">
      <Filter>shapes2d</Filter>
    </ClCompile>
    <ClCompile Include="test\shapes2d\ggo_oriented_box2d_nonreg.cpp">
      <Filter>shapes2d</Filter>
    </ClCompile>
    <ClCompile Include="test\shapes3d\ggo_box3d_nonreg.cpp">
      <Filter>shapes3d</Filter>
    </ClCompile>
    <ClCompile Include="test\trees\ggo_octree_nonreg.cpp">
      <Filter>trees</Filter>
    </ClCompile>
  </ItemGroup>
  <ItemGroup>
    <ClInclude Include="test\ggo_kernel_nonreg.h" />
  </ItemGroup>
</Project>