<?xml version="1.0" encoding="utf-8"?>
<Project ToolsVersion="4.0" xmlns="http://schemas.microsoft.com/developer/msbuild/2003">
  <ItemGroup>
    <Filter Include="animation">
      <UniqueIdentifier>{53ebf010-df42-42ac-877f-e66d60e744c7}</UniqueIdentifier>
    </Filter>
    <Filter Include="animation\paths">
      <UniqueIdentifier>{4c152304-02ac-40ca-a334-b0a2aa78c2cf}</UniqueIdentifier>
    </Filter>
    <Filter Include="artists">
      <UniqueIdentifier>{c68ff0e1-2786-4c42-93b4-76c8d09f97c3}</UniqueIdentifier>
    </Filter>
    <Filter Include="artists\aggregation">
      <UniqueIdentifier>{2cbe2c99-70b2-4039-acf3-a0a089942a72}</UniqueIdentifier>
    </Filter>
    <Filter Include="artists\alpha">
      <UniqueIdentifier>{ca67fe47-c244-4f3f-9e24-591b30869ef5}</UniqueIdentifier>
    </Filter>
    <Filter Include="artists\amorosi">
      <UniqueIdentifier>{29f61d93-548c-42e3-9535-13feac2708e8}</UniqueIdentifier>
    </Filter>
    <Filter Include="artists\bozons">
      <UniqueIdentifier>{191a6dc2-20f7-45b2-b426-de5b582f1f11}</UniqueIdentifier>
    </Filter>
    <Filter Include="artists\bubbles">
      <UniqueIdentifier>{f46e7549-2ba6-4572-88d3-be3948c6d505}</UniqueIdentifier>
    </Filter>
    <Filter Include="artists\buddhabrot">
      <UniqueIdentifier>{ab05cbff-f589-440a-a94e-d4c4a0819246}</UniqueIdentifier>
    </Filter>
    <Filter Include="artists\cells">
      <UniqueIdentifier>{883b9ff8-c6f4-43f6-a130-43c1dfe36837}</UniqueIdentifier>
    </Filter>
    <Filter Include="artists\chryzode">
      <UniqueIdentifier>{82d0b37b-8461-464f-bf8d-d17e53bd2b27}</UniqueIdentifier>
    </Filter>
    <Filter Include="artists\circles">
      <UniqueIdentifier>{b568b926-ff2c-4d62-9b0e-dad552af8c25}</UniqueIdentifier>
    </Filter>
    <Filter Include="artists\crystal">
      <UniqueIdentifier>{e0f1d0b7-a480-4fe8-9a70-724e8a20e21a}</UniqueIdentifier>
    </Filter>
    <Filter Include="artists\cumbia">
      <UniqueIdentifier>{0a816f7e-563a-4346-b35b-ec934d2f5270}</UniqueIdentifier>
    </Filter>
    <Filter Include="artists\distorsion">
      <UniqueIdentifier>{0c029f1d-e3c0-4d4c-8114-b23c2036ef5c}</UniqueIdentifier>
    </Filter>
    <Filter Include="artists\duffing">
      <UniqueIdentifier>{b1e3705f-4711-4911-ae0b-2d153412c148}</UniqueIdentifier>
    </Filter>
    <Filter Include="artists\dupecheck">
      <UniqueIdentifier>{e165c677-6aef-41c6-a333-67419524e3b7}</UniqueIdentifier>
    </Filter>
    <Filter Include="artists\filling_squares">
      <UniqueIdentifier>{b75f2bed-64b1-40bd-979c-d54bd5d5a301}</UniqueIdentifier>
    </Filter>
    <Filter Include="artists\flies">
      <UniqueIdentifier>{6c8c2f3e-4504-44b2-87ba-ac9f4840021b}</UniqueIdentifier>
    </Filter>
    <Filter Include="artists\flower">
      <UniqueIdentifier>{2d0c3207-f92f-4106-b02b-96150e84b1c9}</UniqueIdentifier>
    </Filter>
    <Filter Include="artists\hexa">
      <UniqueIdentifier>{8495cf03-e18a-41b8-af7b-12046c5ec4ef}</UniqueIdentifier>
    </Filter>
    <Filter Include="artists\ifs">
      <UniqueIdentifier>{c6641313-1b92-45d3-945f-9f3b9aeac45d}</UniqueIdentifier>
    </Filter>
    <Filter Include="artists\ikeda">
      <UniqueIdentifier>{f14f9ae9-0561-448a-bdec-556895043a54}</UniqueIdentifier>
    </Filter>
    <Filter Include="artists\julia">
      <UniqueIdentifier>{165524bb-c24d-4926-b307-63e33d61be3a}</UniqueIdentifier>
    </Filter>
    <Filter Include="artists\kanji">
      <UniqueIdentifier>{da931a51-ced4-49c7-8d30-e4b4b6e8017e}</UniqueIdentifier>
    </Filter>
    <Filter Include="artists\lagaude">
      <UniqueIdentifier>{dcd7ef1e-5027-4c21-a9cf-d4b03c9e7085}</UniqueIdentifier>
    </Filter>
    <Filter Include="artists\mandelbrot">
      <UniqueIdentifier>{771d65c4-4e26-4e75-9aed-fbdc0b755c74}</UniqueIdentifier>
    </Filter>
    <Filter Include="artists\marbles">
      <UniqueIdentifier>{cce94eb1-6674-49ce-91c0-271b57e36948}</UniqueIdentifier>
    </Filter>
    <Filter Include="artists\metaballs">
      <UniqueIdentifier>{d6b4ada8-bb4f-4ab8-9c99-dbadcd165357}</UniqueIdentifier>
    </Filter>
    <Filter Include="artists\mondrian">
      <UniqueIdentifier>{04f8f632-38a6-45c3-8744-33243de21472}</UniqueIdentifier>
    </Filter>
    <Filter Include="artists\mosaic">
      <UniqueIdentifier>{92c92275-0124-4028-a7cf-b1f0e4243bbe}</UniqueIdentifier>
    </Filter>
    <Filter Include="artists\neon">
      <UniqueIdentifier>{3a5df943-d7aa-4b7f-9b07-b60a48105db7}</UniqueIdentifier>
    </Filter>
    <Filter Include="artists\newton">
      <UniqueIdentifier>{3fc095b9-47c3-4aa1-bbd6-8635aa0e2a43}</UniqueIdentifier>
    </Filter>
    <Filter Include="artists\plastic">
      <UniqueIdentifier>{fd5479ec-5f00-4de7-b551-9dfbd3de4582}</UniqueIdentifier>
    </Filter>
    <Filter Include="artists\rah">
      <UniqueIdentifier>{41126e3a-b661-4b2e-9548-6f18275c40ca}</UniqueIdentifier>
    </Filter>
    <Filter Include="artists\rex">
      <UniqueIdentifier>{2d0c29af-ca4e-4b8a-b90e-16b6533d89b4}</UniqueIdentifier>
    </Filter>
    <Filter Include="artists\smoke">
      <UniqueIdentifier>{6e101eb2-8926-4497-86b4-e0f8fa94f1f0}</UniqueIdentifier>
    </Filter>
    <Filter Include="artists\topodoko">
      <UniqueIdentifier>{e6f5351e-1a28-4d14-ae3e-9bb29b7cc35f}</UniqueIdentifier>
    </Filter>
    <Filter Include="artists\toutouyoutou">
      <UniqueIdentifier>{d72fe330-cf43-48a7-9c02-9a5dd85b2046}</UniqueIdentifier>
    </Filter>
    <Filter Include="artists\trees">
      <UniqueIdentifier>{87010f08-c769-417d-bd82-e5c617e24f08}</UniqueIdentifier>
    </Filter>
    <Filter Include="artists\voronoi">
      <UniqueIdentifier>{49638bbb-42b7-454f-977d-ba67355fd3bd}</UniqueIdentifier>
    </Filter>
    <Filter Include="artists\vortex">
      <UniqueIdentifier>{c4e6a831-ff31-437f-9c80-9a01cbd63cc5}</UniqueIdentifier>
    </Filter>
    <Filter Include="artists\vortex2">
      <UniqueIdentifier>{9f20bb86-5455-4328-9b3a-98764878e108}</UniqueIdentifier>
    </Filter>
    <Filter Include="artists\worms">
      <UniqueIdentifier>{3ee5796a-0581-4637-9e40-d5f2d1de0739}</UniqueIdentifier>
    </Filter>
    <Filter Include="artists\stoa">
      <UniqueIdentifier>{c3c02a9a-28fe-4def-b9d0-5786aeb09e61}</UniqueIdentifier>
    </Filter>
    <Filter Include="artists\sonson">
      <UniqueIdentifier>{2a5519e5-1141-4391-a0c9-521642a58c65}</UniqueIdentifier>
    </Filter>
    <Filter Include="artists\rediff">
      <UniqueIdentifier>{a31c6307-1418-4da7-89f2-58ddcc6da8c9}</UniqueIdentifier>
    </Filter>
  </ItemGroup>
  <ItemGroup>
    <ClCompile Include="animation\ggo_animate_abc.cpp">
      <Filter>animation</Filter>
    </ClCompile>
    <ClCompile Include="animation\ggo_animator.cpp">
      <Filter>animation</Filter>
    </ClCompile>
    <ClCompile Include="animation\paths\ggo_linear_path.cpp">
      <Filter>animation\paths</Filter>
    </ClCompile>
    <ClCompile Include="animation\paths\ggo_spiral_path.cpp">
      <Filter>animation\paths</Filter>
    </ClCompile>
    <ClCompile Include="artists\aggregation\ggo_aggregation_animation_artist.cpp">
      <Filter>artists\aggregation</Filter>
    </ClCompile>
    <ClCompile Include="artists\aggregation\ggo_aggregation_artist.cpp">
      <Filter>artists\aggregation</Filter>
    </ClCompile>
    <ClCompile Include="artists\aggregation\ggo_aggregation_bitmap_artist.cpp">
      <Filter>artists\aggregation</Filter>
    </ClCompile>
    <ClCompile Include="artists\alpha\ggo_alpha_anim_artist.cpp">
      <Filter>artists\alpha</Filter>
    </ClCompile>
    <ClCompile Include="artists\alpha\ggo_alpha_bitmap_artist.cpp">
      <Filter>artists\alpha</Filter>
    </ClCompile>
    <ClCompile Include="artists\amorosi\ggo_amorosi_animation_artist.cpp">
      <Filter>artists\amorosi</Filter>
    </ClCompile>
    <ClCompile Include="artists\bozons\ggo_bozons_animation_artist.cpp">
      <Filter>artists\bozons</Filter>
    </ClCompile>
    <ClCompile Include="artists\bubbles\ggo_bubbles_artist.cpp">
      <Filter>artists\bubbles</Filter>
    </ClCompile>
    <ClCompile Include="artists\buddhabrot\ggo_buddhabrot_artist.cpp">
      <Filter>artists\buddhabrot</Filter>
    </ClCompile>
    <ClCompile Include="artists\cells\ggo_cells_artist.cpp">
      <Filter>artists\cells</Filter>
    </ClCompile>
    <ClCompile Include="artists\chryzode\ggo_chryzode_animation_artist.cpp">
      <Filter>artists\chryzode</Filter>
    </ClCompile>
    <ClCompile Include="artists\chryzode\ggo_chryzode_artist.cpp">
      <Filter>artists\chryzode</Filter>
    </ClCompile>
    <ClCompile Include="artists\chryzode\ggo_chryzode_bitmap_artist.cpp">
      <Filter>artists\chryzode</Filter>
    </ClCompile>
    <ClCompile Include="artists\circles\ggo_circles_animation_artist.cpp">
      <Filter>artists\circles</Filter>
    </ClCompile>
    <ClCompile Include="artists\circles\ggo_circles_artist.cpp">
      <Filter>artists\circles</Filter>
    </ClCompile>
    <ClCompile Include="artists\circles\ggo_circles_bitmap_artist.cpp">
      <Filter>artists\circles</Filter>
    </ClCompile>
    <ClCompile Include="artists\crystal\ggo_crystal_animation_artist.cpp">
      <Filter>artists\crystal</Filter>
    </ClCompile>
    <ClCompile Include="artists\crystal\ggo_crystal_artist.cpp">
      <Filter>artists\crystal</Filter>
    </ClCompile>
    <ClCompile Include="artists\crystal\ggo_crystal_bitmap_artist.cpp">
      <Filter>artists\crystal</Filter>
    </ClCompile>
    <ClCompile Include="artists\cumbia\ggo_cumbia_animation_artist.cpp">
      <Filter>artists\cumbia</Filter>
    </ClCompile>
    <ClCompile Include="artists\cumbia\ggo_cumbia_artist.cpp">
      <Filter>artists\cumbia</Filter>
    </ClCompile>
    <ClCompile Include="artists\cumbia\ggo_cumbia_bitmap_artist.cpp">
      <Filter>artists\cumbia</Filter>
    </ClCompile>
    <ClCompile Include="artists\distorsion\ggo_distorsion_animation_artist.cpp">
      <Filter>artists\distorsion</Filter>
    </ClCompile>
    <ClCompile Include="artists\distorsion\ggo_distorsion_bitmap_artist.cpp">
      <Filter>artists\distorsion</Filter>
    </ClCompile>
    <ClCompile Include="artists\duffing\ggo_duffing_animation_artist.cpp">
      <Filter>artists\duffing</Filter>
    </ClCompile>
    <ClCompile Include="artists\duffing\ggo_duffing_bitmap_artist.cpp">
      <Filter>artists\duffing</Filter>
    </ClCompile>
    <ClCompile Include="artists\dupecheck\ggo_dupecheck_animation_artist.cpp">
      <Filter>artists\dupecheck</Filter>
    </ClCompile>
    <ClCompile Include="artists\dupecheck\ggo_dupecheck_bitmap_artist.cpp">
      <Filter>artists\dupecheck</Filter>
    </ClCompile>
    <ClCompile Include="artists\filling_squares\ggo_filling_squares_animation_artist.cpp">
      <Filter>artists\filling_squares</Filter>
    </ClCompile>
    <ClCompile Include="artists\filling_squares\ggo_filling_squares_artist.cpp">
      <Filter>artists\filling_squares</Filter>
    </ClCompile>
    <ClCompile Include="artists\filling_squares\ggo_filling_squares_bitmap_artist.cpp">
      <Filter>artists\filling_squares</Filter>
    </ClCompile>
    <ClCompile Include="artists\flies\ggo_flies_artist.cpp">
      <Filter>artists\flies</Filter>
    </ClCompile>
    <ClCompile Include="artists\flower\ggo_flower_artist.cpp">
      <Filter>artists\flower</Filter>
    </ClCompile>
    <ClCompile Include="artists\hexa\ggo_hexa_animation_artist.cpp">
      <Filter>artists\hexa</Filter>
    </ClCompile>
    <ClCompile Include="artists\hexa\ggo_hexa_artist.cpp">
      <Filter>artists\hexa</Filter>
    </ClCompile>
    <ClCompile Include="artists\hexa\ggo_hexa_bitmap_artist.cpp">
      <Filter>artists\hexa</Filter>
    </ClCompile>
    <ClCompile Include="artists\ifs\ggo_ifs_animation_artist.cpp">
      <Filter>artists\ifs</Filter>
    </ClCompile>
    <ClCompile Include="artists\ifs\ggo_ifs_artist.cpp">
      <Filter>artists\ifs</Filter>
    </ClCompile>
    <ClCompile Include="artists\ifs\ggo_ifs_bitmap_artist.cpp">
      <Filter>artists\ifs</Filter>
    </ClCompile>
    <ClCompile Include="artists\julia\ggo_julia_animation_artist.cpp">
      <Filter>artists\julia</Filter>
    </ClCompile>
    <ClCompile Include="artists\julia\ggo_julia_artist.cpp">
      <Filter>artists\julia</Filter>
    </ClCompile>
    <ClCompile Include="artists\julia\ggo_julia_bitmap_artist.cpp">
      <Filter>artists\julia</Filter>
    </ClCompile>
    <ClCompile Include="artists\ikeda\ggo_ikeda_artist.cpp">
      <Filter>artists\ikeda</Filter>
    </ClCompile>
    <ClCompile Include="artists\kanji\ggo_kanji_animation_artist.cpp">
      <Filter>artists\kanji</Filter>
    </ClCompile>
    <ClCompile Include="artists\kanji\ggo_kanji_artist.cpp">
      <Filter>artists\kanji</Filter>
    </ClCompile>
    <ClCompile Include="artists\kanji\ggo_kanji_bitmap_artist.cpp">
      <Filter>artists\kanji</Filter>
    </ClCompile>
    <ClCompile Include="artists\lagaude\ggo_lagaude_animation_artist.cpp">
      <Filter>artists\lagaude</Filter>
    </ClCompile>
    <ClCompile Include="artists\mandelbrot\ggo_mandelbrot_artist.cpp">
      <Filter>artists\mandelbrot</Filter>
    </ClCompile>
    <ClCompile Include="artists\marbles\ggo_marbles_artist.cpp">
      <Filter>artists\marbles</Filter>
    </ClCompile>
    <ClCompile Include="artists\metaballs\ggo_metaballs_animation_artist.cpp">
      <Filter>artists\metaballs</Filter>
    </ClCompile>
    <ClCompile Include="artists\metaballs\ggo_metaballs_artist.cpp">
      <Filter>artists\metaballs</Filter>
    </ClCompile>
    <ClCompile Include="artists\metaballs\ggo_metaballs_bitmap_artist.cpp">
      <Filter>artists\metaballs</Filter>
    </ClCompile>
    <ClCompile Include="artists\mondrian\ggo_mondrian_artist.cpp">
      <Filter>artists\mondrian</Filter>
    </ClCompile>
    <ClCompile Include="artists\mosaic\ggo_mosaic_artist.cpp">
      <Filter>artists\mosaic</Filter>
    </ClCompile>
    <ClCompile Include="artists\neon\ggo_neon_artist.cpp">
      <Filter>artists\neon</Filter>
    </ClCompile>
    <ClCompile Include="artists\newton\ggo_newton_artist.cpp">
      <Filter>artists\newton</Filter>
    </ClCompile>
    <ClCompile Include="artists\plastic\ggo_plastic_animation_artist.cpp">
      <Filter>artists\plastic</Filter>
    </ClCompile>
    <ClCompile Include="artists\plastic\ggo_plastic_artist.cpp">
      <Filter>artists\plastic</Filter>
    </ClCompile>
    <ClCompile Include="artists\plastic\ggo_plastic_bitmap_artist.cpp">
      <Filter>artists\plastic</Filter>
    </ClCompile>
    <ClCompile Include="artists\rah\ggo_rah_animation_artist.cpp">
      <Filter>artists\rah</Filter>
    </ClCompile>
    <ClCompile Include="artists\rex\ggo_rex_artist.cpp">
      <Filter>artists\rex</Filter>
    </ClCompile>
    <ClCompile Include="artists\smoke\ggo_smoke_animation_artist.cpp">
      <Filter>artists\smoke</Filter>
    </ClCompile>
    <ClCompile Include="artists\topodoko\ggo_topodoko_artist.cpp">
      <Filter>artists\topodoko</Filter>
    </ClCompile>
    <ClCompile Include="artists\toutouyoutou\ggo_toutouyoutou_animation_artist.cpp">
      <Filter>artists\toutouyoutou</Filter>
    </ClCompile>
    <ClCompile Include="artists\toutouyoutou\ggo_toutouyoutou_bitmap_artist.cpp">
      <Filter>artists\toutouyoutou</Filter>
    </ClCompile>
    <ClCompile Include="artists\trees\ggo_trees_artist.cpp">
      <Filter>artists\trees</Filter>
    </ClCompile>
    <ClCompile Include="artists\voronoi\ggo_voronoi_artist.cpp">
      <Filter>artists\voronoi</Filter>
    </ClCompile>
    <ClCompile Include="artists\vortex\ggo_vortex_artist.cpp">
      <Filter>artists\vortex</Filter>
    </ClCompile>
    <ClCompile Include="artists\vortex2\ggo_vortex2_animation_artist.cpp">
      <Filter>artists\vortex2</Filter>
    </ClCompile>
    <ClCompile Include="artists\vortex2\ggo_vortex2_artist.cpp">
      <Filter>artists\vortex2</Filter>
    </ClCompile>
    <ClCompile Include="artists\vortex2\ggo_vortex2_bitmap_artist.cpp">
      <Filter>artists\vortex2</Filter>
    </ClCompile>
    <ClCompile Include="artists\worms\ggo_worms_artist.cpp">
      <Filter>artists\worms</Filter>
    </ClCompile>
    <ClCompile Include="artists\ggo_animation_artist_abc.cpp">
      <Filter>artists</Filter>
    </ClCompile>
    <ClCompile Include="artists\ggo_artist_abc.cpp">
      <Filter>artists</Filter>
    </ClCompile>
    <ClCompile Include="artists\ggo_bitmap_artist_abc.cpp">
      <Filter>artists</Filter>
    </ClCompile>
    <ClCompile Include="artists\stoa\ggo_stoa_bitmap_artist.cpp">
      <Filter>artists\stoa</Filter>
    </ClCompile>
    <ClCompile Include="artists\stoa\ggo_stoa_artist.cpp">
      <Filter>artists\stoa</Filter>
    </ClCompile>
    <ClCompile Include="artists\stoa\ggo_stoa_animation_artist.cpp">
      <Filter>artists\stoa</Filter>
    </ClCompile>
    <ClCompile Include="artists\sonson\ggo_sonson_animation_artist.cpp">
      <Filter>artists\sonson</Filter>
    </ClCompile>
    <ClCompile Include="artists\rediff\ggo_rediff_animation_artist.cpp">
      <Filter>artists\rediff</Filter>
    </ClCompile>
  </ItemGroup>
  <ItemGroup>
    <ClInclude Include="animation\ggo_animate_abc.h">
      <Filter>animation</Filter>
    </ClInclude>
    <ClInclude Include="animation\ggo_animator.h">
      <Filter>animation</Filter>
    </ClInclude>
    <ClInclude Include="animation\ggo_path_abc.h">
      <Filter>animation</Filter>
    </ClInclude>
    <ClInclude Include="animation\paths\ggo_linear_path.h">
      <Filter>animation\paths</Filter>
    </ClInclude>
    <ClInclude Include="animation\paths\ggo_spiral_path.h">
      <Filter>animation\paths</Filter>
    </ClInclude>
    <ClInclude Include="artists\aggregation\ggo_aggregation_animation_artist.h">
      <Filter>artists\aggregation</Filter>
    </ClInclude>
    <ClInclude Include="artists\aggregation\ggo_aggregation_artist.h">
      <Filter>artists\aggregation</Filter>
    </ClInclude>
    <ClInclude Include="artists\aggregation\ggo_aggregation_bitmap_artist.h">
      <Filter>artists\aggregation</Filter>
    </ClInclude>
    <ClInclude Include="artists\alpha\ggo_alpha_anim_artist.h">
      <Filter>artists\alpha</Filter>
    </ClInclude>
    <ClInclude Include="artists\alpha\ggo_alpha_bitmap_artist.h">
      <Filter>artists\alpha</Filter>
    </ClInclude>
    <ClInclude Include="artists\amorosi\ggo_amorosi_animation_artist.h">
      <Filter>artists\amorosi</Filter>
    </ClInclude>
    <ClInclude Include="artists\bozons\ggo_bozons_animation_artist.h">
      <Filter>artists\bozons</Filter>
    </ClInclude>
    <ClInclude Include="artists\bubbles\ggo_bubbles_artist.h">
      <Filter>artists\bubbles</Filter>
    </ClInclude>
    <ClInclude Include="artists\buddhabrot\ggo_buddhabrot_artist.h">
      <Filter>artists\buddhabrot</Filter>
    </ClInclude>
    <ClInclude Include="artists\cells\ggo_cells_artist.h">
      <Filter>artists\cells</Filter>
    </ClInclude>
    <ClInclude Include="artists\chryzode\ggo_chryzode_animation_artist.h">
      <Filter>artists\chryzode</Filter>
    </ClInclude>
    <ClInclude Include="artists\chryzode\ggo_chryzode_artist.h">
      <Filter>artists\chryzode</Filter>
    </ClInclude>
    <ClInclude Include="artists\chryzode\ggo_chryzode_bitmap_artist.h">
      <Filter>artists\chryzode</Filter>
    </ClInclude>
    <ClInclude Include="artists\circles\ggo_circles_animation_artist.h">
      <Filter>artists\circles</Filter>
    </ClInclude>
    <ClInclude Include="artists\circles\ggo_circles_artist.h">
      <Filter>artists\circles</Filter>
    </ClInclude>
    <ClInclude Include="artists\circles\ggo_circles_bitmap_artist.h">
      <Filter>artists\circles</Filter>
    </ClInclude>
    <ClInclude Include="artists\crystal\ggo_crystal_animation_artist.h">
      <Filter>artists\crystal</Filter>
    </ClInclude>
    <ClInclude Include="artists\crystal\ggo_crystal_artist.h">
      <Filter>artists\crystal</Filter>
    </ClInclude>
    <ClInclude Include="artists\crystal\ggo_crystal_bitmap_artist.h">
      <Filter>artists\crystal</Filter>
    </ClInclude>
    <ClInclude Include="artists\cumbia\ggo_cumbia_animation_artist.h">
      <Filter>artists\cumbia</Filter>
    </ClInclude>
    <ClInclude Include="artists\cumbia\ggo_cumbia_artist.h">
      <Filter>artists\cumbia</Filter>
    </ClInclude>
    <ClInclude Include="artists\cumbia\ggo_cumbia_bitmap_artist.h">
      <Filter>artists\cumbia</Filter>
    </ClInclude>
    <ClInclude Include="artists\distorsion\ggo_distorsion_animation_artist.h">
      <Filter>artists\distorsion</Filter>
    </ClInclude>
    <ClInclude Include="artists\distorsion\ggo_distorsion_bitmap_artist.h">
      <Filter>artists\distorsion</Filter>
    </ClInclude>
    <ClInclude Include="artists\duffing\ggo_duffing_animation_artist.h">
      <Filter>artists\duffing</Filter>
    </ClInclude>
    <ClInclude Include="artists\duffing\ggo_duffing_bitmap_artist.h">
      <Filter>artists\duffing</Filter>
    </ClInclude>
    <ClInclude Include="artists\dupecheck\ggo_dupecheck_animation_artist.h">
      <Filter>artists\dupecheck</Filter>
    </ClInclude>
    <ClInclude Include="artists\dupecheck\ggo_dupecheck_bitmap_artist.h">
      <Filter>artists\dupecheck</Filter>
    </ClInclude>
    <ClInclude Include="artists\filling_squares\ggo_filling_squares_animation_artist.h">
      <Filter>artists\filling_squares</Filter>
    </ClInclude>
    <ClInclude Include="artists\filling_squares\ggo_filling_squares_artist.h">
      <Filter>artists\filling_squares</Filter>
    </ClInclude>
    <ClInclude Include="artists\filling_squares\ggo_filling_squares_bitmap_artist.h">
      <Filter>artists\filling_squares</Filter>
    </ClInclude>
    <ClInclude Include="artists\flies\ggo_flies_artist.h">
      <Filter>artists\flies</Filter>
    </ClInclude>
    <ClInclude Include="artists\flower\ggo_flower_artist.h">
      <Filter>artists\flower</Filter>
    </ClInclude>
    <ClInclude Include="artists\hexa\ggo_hexa_animation_artist.h">
      <Filter>artists\hexa</Filter>
    </ClInclude>
    <ClInclude Include="artists\hexa\ggo_hexa_artist.h">
      <Filter>artists\hexa</Filter>
    </ClInclude>
    <ClInclude Include="artists\hexa\ggo_hexa_bitmap_artist.h">
      <Filter>artists\hexa</Filter>
    </ClInclude>
    <ClInclude Include="artists\ifs\ggo_ifs_animation_artist.h">
      <Filter>artists\ifs</Filter>
    </ClInclude>
    <ClInclude Include="artists\ifs\ggo_ifs_artist.h">
      <Filter>artists\ifs</Filter>
    </ClInclude>
    <ClInclude Include="artists\ifs\ggo_ifs_bitmap_artist.h">
      <Filter>artists\ifs</Filter>
    </ClInclude>
    <ClInclude Include="artists\julia\ggo_julia_animation_artist.h">
      <Filter>artists\julia</Filter>
    </ClInclude>
    <ClInclude Include="artists\julia\ggo_julia_artist.h">
      <Filter>artists\julia</Filter>
    </ClInclude>
    <ClInclude Include="artists\julia\ggo_julia_bitmap_artist.h">
      <Filter>artists\julia</Filter>
    </ClInclude>
    <ClInclude Include="artists\ikeda\ggo_ikeda_artist.h">
      <Filter>artists\ikeda</Filter>
    </ClInclude>
    <ClInclude Include="artists\kanji\ggo_kanji_animation_artist.h">
      <Filter>artists\kanji</Filter>
    </ClInclude>
    <ClInclude Include="artists\kanji\ggo_kanji_artist.h">
      <Filter>artists\kanji</Filter>
    </ClInclude>
    <ClInclude Include="artists\kanji\ggo_kanji_bitmap_artist.h">
      <Filter>artists\kanji</Filter>
    </ClInclude>
    <ClInclude Include="artists\lagaude\ggo_lagaude_animation_artist.h">
      <Filter>artists\lagaude</Filter>
    </ClInclude>
    <ClInclude Include="artists\mandelbrot\ggo_mandelbrot_artist.h">
      <Filter>artists\mandelbrot</Filter>
    </ClInclude>
    <ClInclude Include="artists\marbles\ggo_marbles_artist.h">
      <Filter>artists\marbles</Filter>
    </ClInclude>
    <ClInclude Include="artists\metaballs\ggo_metaballs_animation_artist.h">
      <Filter>artists\metaballs</Filter>
    </ClInclude>
    <ClInclude Include="artists\metaballs\ggo_metaballs_artist.h">
      <Filter>artists\metaballs</Filter>
    </ClInclude>
    <ClInclude Include="artists\metaballs\ggo_metaballs_bitmap_artist.h">
      <Filter>artists\metaballs</Filter>
    </ClInclude>
    <ClInclude Include="artists\mondrian\ggo_mondrian_artist.h">
      <Filter>artists\mondrian</Filter>
    </ClInclude>
    <ClInclude Include="artists\mosaic\ggo_mosaic_artist.h">
      <Filter>artists\mosaic</Filter>
    </ClInclude>
    <ClInclude Include="artists\neon\ggo_neon_artist.h">
      <Filter>artists\neon</Filter>
    </ClInclude>
    <ClInclude Include="artists\newton\ggo_newton_artist.h">
      <Filter>artists\newton</Filter>
    </ClInclude>
    <ClInclude Include="artists\plastic\ggo_plastic_animation_artist.h">
      <Filter>artists\plastic</Filter>
    </ClInclude>
    <ClInclude Include="artists\plastic\ggo_plastic_artist.h">
      <Filter>artists\plastic</Filter>
    </ClInclude>
    <ClInclude Include="artists\plastic\ggo_plastic_bitmap_artist.h">
      <Filter>artists\plastic</Filter>
    </ClInclude>
    <ClInclude Include="artists\rah\ggo_rah_animation_artist.h">
      <Filter>artists\rah</Filter>
    </ClInclude>
    <ClInclude Include="artists\rex\ggo_rex_artist.h">
      <Filter>artists\rex</Filter>
    </ClInclude>
    <ClInclude Include="artists\smoke\ggo_smoke_animation_artist.h">
      <Filter>artists\smoke</Filter>
    </ClInclude>
    <ClInclude Include="artists\topodoko\ggo_topodoko_artist.h">
      <Filter>artists\topodoko</Filter>
    </ClInclude>
    <ClInclude Include="artists\toutouyoutou\ggo_toutouyoutou_animation_artist.h">
      <Filter>artists\toutouyoutou</Filter>
    </ClInclude>
    <ClInclude Include="artists\toutouyoutou\ggo_toutouyoutou_bitmap_artist.h">
      <Filter>artists\toutouyoutou</Filter>
    </ClInclude>
    <ClInclude Include="artists\trees\ggo_trees_artist.h">
      <Filter>artists\trees</Filter>
    </ClInclude>
    <ClInclude Include="artists\voronoi\ggo_voronoi_artist.h">
      <Filter>artists\voronoi</Filter>
    </ClInclude>
    <ClInclude Include="artists\vortex\ggo_vortex_artist.h">
      <Filter>artists\vortex</Filter>
    </ClInclude>
    <ClInclude Include="artists\vortex2\ggo_vortex2_animation_artist.h">
      <Filter>artists\vortex2</Filter>
    </ClInclude>
    <ClInclude Include="artists\vortex2\ggo_vortex2_artist.h">
      <Filter>artists\vortex2</Filter>
    </ClInclude>
    <ClInclude Include="artists\vortex2\ggo_vortex2_bitmap_artist.h">
      <Filter>artists\vortex2</Filter>
    </ClInclude>
    <ClInclude Include="artists\worms\ggo_worms_artist.h">
      <Filter>artists\worms</Filter>
    </ClInclude>
    <ClInclude Include="artists\ggo_animation_artist_abc.h">
      <Filter>artists</Filter>
    </ClInclude>
    <ClInclude Include="artists\ggo_artist_abc.h">
      <Filter>artists</Filter>
    </ClInclude>
    <ClInclude Include="artists\ggo_bitmap_artist_abc.h">
      <Filter>artists</Filter>
    </ClInclude>
    <ClInclude Include="artists\ggo_artist_ids.h">
      <Filter>artists</Filter>
    </ClInclude>
    <ClInclude Include="artists\stoa\ggo_stoa_bitmap_artist.h">
      <Filter>artists\stoa</Filter>
    </ClInclude>
    <ClInclude Include="artists\stoa\ggo_stoa_artist.h">
      <Filter>artists\stoa</Filter>
    </ClInclude>
    <ClInclude Include="artists\stoa\ggo_stoa_animation_artist.h">
      <Filter>artists\stoa</Filter>
    </ClInclude>
    <ClInclude Include="artists\sonson\ggo_sonson_animation_artist.h">
      <Filter>artists\sonson</Filter>
    </ClInclude>
    <ClInclude Include="artists\rediff\ggo_rediff_animation_artist.h">
      <Filter>artists\rediff</Filter>
    </ClInclude>
  </ItemGroup>
</Project>